Microsoft Visual Studio Solution File, Format Version 12.00
# Visual Studio Version 17
VisualStudioVersion = 17.5.2.0
MinimumVisualStudioVersion = 10.0.40219.1
Project("{FAE04EC0-301F-11D3-BF4B-00C04F79EFBC}") = "Contoso.Spaces.Web", "Contoso.Spaces.Web.csproj", "{73F8A695-2B1B-3518-78DC-E4FCA0A158B8}"
EndProject
Global
	GlobalSection(SolutionConfigurationPlatforms) = preSolution
		Debug|Any CPU = Debug|Any CPU
		Release|Any CPU = Release|Any CPU
	EndGlobalSection
	GlobalSection(ProjectConfigurationPlatforms) = postSolution
		{73F8A695-2B1B-3518-78DC-E4FCA0A158B8}.Debug|Any CPU.ActiveCfg = Debug|Any CPU
		{73F8A695-2B1B-3518-78DC-E4FCA0A158B8}.Debug|Any CPU.Build.0 = Debug|Any CPU
		{73F8A695-2B1B-3518-78DC-E4FCA0A158B8}.Release|Any CPU.ActiveCfg = Release|Any CPU
		{73F8A695-2B1B-3518-78DC-E4FCA0A158B8}.Release|Any CPU.Build.0 = Release|Any CPU
	EndGlobalSection
	GlobalSection(SolutionProperties) = preSolution
		HideSolutionNode = FALSE
	EndGlobalSection
	GlobalSection(ExtensibilityGlobals) = postSolution
		SolutionGuid = {793DD49B-D22E-4F33-B20F-84B065B5EC07}
	EndGlobalSection
EndGlobal
